// !$*UTF8*$!
{
	archiveVersion = 1;
	classes = {
	};
	objectVersion = 51;
	objects = {

/* Begin PBXBuildFile section */
		62387B47265E25DB00634BA9 /* GraphVC.swift in Sources */ = {isa = PBXBuildFile; fileRef = 62387B46265E25DB00634BA9 /* GraphVC.swift */; };
		62387B4D265E609900634BA9 /* FarmData.swift in Sources */ = {isa = PBXBuildFile; fileRef = 62387B4C265E609900634BA9 /* FarmData.swift */; };
		6238A28C2626FE400052AEB0 /* No Virus.ttf in Resources */ = {isa = PBXBuildFile; fileRef = 6238A28B2626FE400052AEB0 /* No Virus.ttf */; };
		6255910926303F4700715957 /* NanumSquare_acL.ttf in Resources */ = {isa = PBXBuildFile; fileRef = 6255910426303F4600715957 /* NanumSquare_acL.ttf */; };
		6255910A26303F4700715957 /* NanumSquare_acR.ttf in Resources */ = {isa = PBXBuildFile; fileRef = 6255910526303F4600715957 /* NanumSquare_acR.ttf */; };
		6255910B26303F4700715957 /* NanumSquare_acEB.ttf in Resources */ = {isa = PBXBuildFile; fileRef = 6255910626303F4700715957 /* NanumSquare_acEB.ttf */; };
		6255910C26303F4700715957 /* NanumSquare_acB.ttf in Resources */ = {isa = PBXBuildFile; fileRef = 6255910726303F4700715957 /* NanumSquare_acB.ttf */; };
		6255910D26303F4700715957 /* SDSwaggerTTF.ttf in Resources */ = {isa = PBXBuildFile; fileRef = 6255910826303F4700715957 /* SDSwaggerTTF.ttf */; };
		625591122630414300715957 /* DXMSubtitlesM-KSCpc-EUC-H.ttf in Resources */ = {isa = PBXBuildFile; fileRef = 625591112630414300715957 /* DXMSubtitlesM-KSCpc-EUC-H.ttf */; };
		6264635A263D740500E037BC /* setClearNavigationBar.swift in Sources */ = {isa = PBXBuildFile; fileRef = 62646359263D740500E037BC /* setClearNavigationBar.swift */; };
		626698762640C89A00CD4690 /* PickerVC.swift in Sources */ = {isa = PBXBuildFile; fileRef = 626698752640C89A00CD4690 /* PickerVC.swift */; };
		6267831826157DE200EED0C5 /* AppDelegate.swift in Sources */ = {isa = PBXBuildFile; fileRef = 6267831726157DE200EED0C5 /* AppDelegate.swift */; };
		6267831A26157DE200EED0C5 /* SceneDelegate.swift in Sources */ = {isa = PBXBuildFile; fileRef = 6267831926157DE200EED0C5 /* SceneDelegate.swift */; };
		6267831C26157DE200EED0C5 /* MainVC.swift in Sources */ = {isa = PBXBuildFile; fileRef = 6267831B26157DE200EED0C5 /* MainVC.swift */; };
		6267831F26157DE200EED0C5 /* Main.storyboard in Resources */ = {isa = PBXBuildFile; fileRef = 6267831D26157DE200EED0C5 /* Main.storyboard */; };
		6267832226157DE200EED0C5 /* SmartFarm.xcdatamodeld in Sources */ = {isa = PBXBuildFile; fileRef = 6267832026157DE200EED0C5 /* SmartFarm.xcdatamodeld */; };
		6267832426157DE400EED0C5 /* Assets.xcassets in Resources */ = {isa = PBXBuildFile; fileRef = 6267832326157DE400EED0C5 /* Assets.xcassets */; };
		6267832726157DE400EED0C5 /* LaunchScreen.storyboard in Resources */ = {isa = PBXBuildFile; fileRef = 6267832526157DE400EED0C5 /* LaunchScreen.storyboard */; };
		62863096265FBE6C002B7DE1 /* Utlis.swift in Sources */ = {isa = PBXBuildFile; fileRef = 62863095265FBE6C002B7DE1 /* Utlis.swift */; };
		62984156263973CB009C496D /* MainCell.swift in Sources */ = {isa = PBXBuildFile; fileRef = 62984155263973CB009C496D /* MainCell.swift */; };
		62B9732526514D72009227FB /* DetailVC.swift in Sources */ = {isa = PBXBuildFile; fileRef = 62B9732426514D72009227FB /* DetailVC.swift */; };
		62CDBDAA263D7713009D7529 /* NanumMyeongjo.ttf in Resources */ = {isa = PBXBuildFile; fileRef = 62CDBDA7263D7713009D7529 /* NanumMyeongjo.ttf */; };
		62CDBDAB263D7713009D7529 /* NanumMyeongjoBold.ttf in Resources */ = {isa = PBXBuildFile; fileRef = 62CDBDA8263D7713009D7529 /* NanumMyeongjoBold.ttf */; };
		62CDBDAC263D7713009D7529 /* NanumMyeongjoExtraBold.ttf in Resources */ = {isa = PBXBuildFile; fileRef = 62CDBDA9263D7713009D7529 /* NanumMyeongjoExtraBold.ttf */; };
		A61B0037920968ECD36D00B9 /* Pods_SmartFarm.framework in Frameworks */ = {isa = PBXBuildFile; fileRef = C6CC068D6FF320CB7A05EE1F /* Pods_SmartFarm.framework */; };
/* End PBXBuildFile section */

/* Begin PBXFileReference section */
		62387B46265E25DB00634BA9 /* GraphVC.swift */ = {isa = PBXFileReference; lastKnownFileType = sourcecode.swift; path = GraphVC.swift; sourceTree = "<group>"; };
		62387B4C265E609900634BA9 /* FarmData.swift */ = {isa = PBXFileReference; lastKnownFileType = sourcecode.swift; path = FarmData.swift; sourceTree = "<group>"; };
		6238A28B2626FE400052AEB0 /* No Virus.ttf */ = {isa = PBXFileReference; lastKnownFileType = file; path = "No Virus.ttf"; sourceTree = "<group>"; };
		6255910426303F4600715957 /* NanumSquare_acL.ttf */ = {isa = PBXFileReference; lastKnownFileType = file; path = NanumSquare_acL.ttf; sourceTree = "<group>"; };
		6255910526303F4600715957 /* NanumSquare_acR.ttf */ = {isa = PBXFileReference; lastKnownFileType = file; path = NanumSquare_acR.ttf; sourceTree = "<group>"; };
		6255910626303F4700715957 /* NanumSquare_acEB.ttf */ = {isa = PBXFileReference; lastKnownFileType = file; path = NanumSquare_acEB.ttf; sourceTree = "<group>"; };
		6255910726303F4700715957 /* NanumSquare_acB.ttf */ = {isa = PBXFileReference; lastKnownFileType = file; path = NanumSquare_acB.ttf; sourceTree = "<group>"; };
		6255910826303F4700715957 /* SDSwaggerTTF.ttf */ = {isa = PBXFileReference; lastKnownFileType = file; path = SDSwaggerTTF.ttf; sourceTree = "<group>"; };
		625591112630414300715957 /* DXMSubtitlesM-KSCpc-EUC-H.ttf */ = {isa = PBXFileReference; lastKnownFileType = file; path = "DXMSubtitlesM-KSCpc-EUC-H.ttf"; sourceTree = "<group>"; };
		62646359263D740500E037BC /* setClearNavigationBar.swift */ = {isa = PBXFileReference; lastKnownFileType = sourcecode.swift; path = setClearNavigationBar.swift; sourceTree = "<group>"; };
		626698752640C89A00CD4690 /* PickerVC.swift */ = {isa = PBXFileReference; lastKnownFileType = sourcecode.swift; path = PickerVC.swift; sourceTree = "<group>"; };
		6267831426157DE200EED0C5 /* SmartFarm.app */ = {isa = PBXFileReference; explicitFileType = wrapper.application; includeInIndex = 0; path = SmartFarm.app; sourceTree = BUILT_PRODUCTS_DIR; };
		6267831726157DE200EED0C5 /* AppDelegate.swift */ = {isa = PBXFileReference; lastKnownFileType = sourcecode.swift; path = AppDelegate.swift; sourceTree = "<group>"; };
		6267831926157DE200EED0C5 /* SceneDelegate.swift */ = {isa = PBXFileReference; lastKnownFileType = sourcecode.swift; path = SceneDelegate.swift; sourceTree = "<group>"; };
		6267831B26157DE200EED0C5 /* MainVC.swift */ = {isa = PBXFileReference; lastKnownFileType = sourcecode.swift; path = MainVC.swift; sourceTree = "<group>"; };
		6267831E26157DE200EED0C5 /* Base */ = {isa = PBXFileReference; lastKnownFileType = file.storyboard; name = Base; path = Base.lproj/Main.storyboard; sourceTree = "<group>"; };
		6267832126157DE200EED0C5 /* SmartFarm.xcdatamodel */ = {isa = PBXFileReference; lastKnownFileType = wrapper.xcdatamodel; path = SmartFarm.xcdatamodel; sourceTree = "<group>"; };
		6267832326157DE400EED0C5 /* Assets.xcassets */ = {isa = PBXFileReference; lastKnownFileType = folder.assetcatalog; path = Assets.xcassets; sourceTree = "<group>"; };
		6267832626157DE400EED0C5 /* Base */ = {isa = PBXFileReference; lastKnownFileType = file.storyboard; name = Base; path = Base.lproj/LaunchScreen.storyboard; sourceTree = "<group>"; };
		6267832826157DE400EED0C5 /* Info.plist */ = {isa = PBXFileReference; lastKnownFileType = text.plist.xml; path = Info.plist; sourceTree = "<group>"; };
		62863095265FBE6C002B7DE1 /* Utlis.swift */ = {isa = PBXFileReference; fileEncoding = 4; lastKnownFileType = sourcecode.swift; path = Utlis.swift; sourceTree = "<group>"; };
		62984155263973CB009C496D /* MainCell.swift */ = {isa = PBXFileReference; lastKnownFileType = sourcecode.swift; path = MainCell.swift; sourceTree = "<group>"; };
		62B9732426514D72009227FB /* DetailVC.swift */ = {isa = PBXFileReference; lastKnownFileType = sourcecode.swift; path = DetailVC.swift; sourceTree = "<group>"; };
		62CDBDA7263D7713009D7529 /* NanumMyeongjo.ttf */ = {isa = PBXFileReference; lastKnownFileType = file; path = NanumMyeongjo.ttf; sourceTree = "<group>"; };
		62CDBDA8263D7713009D7529 /* NanumMyeongjoBold.ttf */ = {isa = PBXFileReference; lastKnownFileType = file; path = NanumMyeongjoBold.ttf; sourceTree = "<group>"; };
		62CDBDA9263D7713009D7529 /* NanumMyeongjoExtraBold.ttf */ = {isa = PBXFileReference; lastKnownFileType = file; path = NanumMyeongjoExtraBold.ttf; sourceTree = "<group>"; };
		C6CC068D6FF320CB7A05EE1F /* Pods_SmartFarm.framework */ = {isa = PBXFileReference; explicitFileType = wrapper.framework; includeInIndex = 0; path = Pods_SmartFarm.framework; sourceTree = BUILT_PRODUCTS_DIR; };
		CCFB33FFFBF395E8063156E9 /* Pods-SmartFarm.debug.xcconfig */ = {isa = PBXFileReference; includeInIndex = 1; lastKnownFileType = text.xcconfig; name = "Pods-SmartFarm.debug.xcconfig"; path = "Target Support Files/Pods-SmartFarm/Pods-SmartFarm.debug.xcconfig"; sourceTree = "<group>"; };
		EA3414E88D2621AD6B52D2D0 /* Pods-SmartFarm.release.xcconfig */ = {isa = PBXFileReference; includeInIndex = 1; lastKnownFileType = text.xcconfig; name = "Pods-SmartFarm.release.xcconfig"; path = "Target Support Files/Pods-SmartFarm/Pods-SmartFarm.release.xcconfig"; sourceTree = "<group>"; };
/* End PBXFileReference section */

/* Begin PBXFrameworksBuildPhase section */
		6267831126157DE200EED0C5 /* Frameworks */ = {
			isa = PBXFrameworksBuildPhase;
			buildActionMask = 2147483647;
			files = (
				A61B0037920968ECD36D00B9 /* Pods_SmartFarm.framework in Frameworks */,
			);
			runOnlyForDeploymentPostprocessing = 0;
		};
/* End PBXFrameworksBuildPhase section */

/* Begin PBXGroup section */
		62387B48265E5D8F00634BA9 /* DeatilView */ = {
			isa = PBXGroup;
			children = (
				62B9732426514D72009227FB /* DetailVC.swift */,
				62387B46265E25DB00634BA9 /* GraphVC.swift */,
				626698752640C89A00CD4690 /* PickerVC.swift */,
			);
			path = DeatilView;
			sourceTree = "<group>";
		};
		62387B4F265E672500634BA9 /* etc */ = {
			isa = PBXGroup;
			children = (
				62863095265FBE6C002B7DE1 /* Utlis.swift */,
				62646359263D740500E037BC /* setClearNavigationBar.swift */,
			);
			path = etc;
			sourceTree = "<group>";
		};
		6255910F26303F5200715957 /* fonts */ = {
			isa = PBXGroup;
			children = (
				6255910726303F4700715957 /* NanumSquare_acB.ttf */,
				625591112630414300715957 /* DXMSubtitlesM-KSCpc-EUC-H.ttf */,
				6255910626303F4700715957 /* NanumSquare_acEB.ttf */,
				6255910426303F4600715957 /* NanumSquare_acL.ttf */,
				62CDBDA7263D7713009D7529 /* NanumMyeongjo.ttf */,
				62CDBDA8263D7713009D7529 /* NanumMyeongjoBold.ttf */,
				62CDBDA9263D7713009D7529 /* NanumMyeongjoExtraBold.ttf */,
				6255910526303F4600715957 /* NanumSquare_acR.ttf */,
				6255910826303F4700715957 /* SDSwaggerTTF.ttf */,
				6238A28B2626FE400052AEB0 /* No Virus.ttf */,
			);
			path = fonts;
			sourceTree = "<group>";
		};
		6267830B26157DE200EED0C5 = {
			isa = PBXGroup;
			children = (
				6267831626157DE200EED0C5 /* SmartFarm */,
				6267831526157DE200EED0C5 /* Products */,
				6905201EEB9530744A6F622E /* Pods */,
				87B43F42B7B46A7DA6085F29 /* Frameworks */,
			);
			sourceTree = "<group>";
		};
		6267831526157DE200EED0C5 /* Products */ = {
			isa = PBXGroup;
			children = (
				6267831426157DE200EED0C5 /* SmartFarm.app */,
			);
			name = Products;
			sourceTree = "<group>";
		};
		6267831626157DE200EED0C5 /* SmartFarm */ = {
			isa = PBXGroup;
			children = (
				6267831726157DE200EED0C5 /* AppDelegate.swift */,
				6267831926157DE200EED0C5 /* SceneDelegate.swift */,
				62B1581226676AB3001A5A6B /* MainView */,
				62387B48265E5D8F00634BA9 /* DeatilView */,
				6267831D26157DE200EED0C5 /* Main.storyboard */,
				6267832326157DE400EED0C5 /* Assets.xcassets */,
				6267832526157DE400EED0C5 /* LaunchScreen.storyboard */,
				6267832826157DE400EED0C5 /* Info.plist */,
				6267832026157DE200EED0C5 /* SmartFarm.xcdatamodeld */,
				6255910F26303F5200715957 /* fonts */,
				62387B4F265E672500634BA9 /* etc */,
			);
			path = SmartFarm;
			sourceTree = "<group>";
		};
		62B1581226676AB3001A5A6B /* MainView */ = {
			isa = PBXGroup;
			children = (
				62387B4C265E609900634BA9 /* FarmData.swift */,
				6267831B26157DE200EED0C5 /* MainVC.swift */,
				62984155263973CB009C496D /* MainCell.swift */,
			);
			path = MainView;
			sourceTree = "<group>";
		};
		6905201EEB9530744A6F622E /* Pods */ = {
			isa = PBXGroup;
			children = (
				CCFB33FFFBF395E8063156E9 /* Pods-SmartFarm.debug.xcconfig */,
				EA3414E88D2621AD6B52D2D0 /* Pods-SmartFarm.release.xcconfig */,
			);
			path = Pods;
			sourceTree = "<group>";
		};
		87B43F42B7B46A7DA6085F29 /* Frameworks */ = {
			isa = PBXGroup;
			children = (
				C6CC068D6FF320CB7A05EE1F /* Pods_SmartFarm.framework */,
			);
			name = Frameworks;
			sourceTree = "<group>";
		};
/* End PBXGroup section */

/* Begin PBXNativeTarget section */
		6267831326157DE200EED0C5 /* SmartFarm */ = {
			isa = PBXNativeTarget;
			buildConfigurationList = 6267832B26157DE400EED0C5 /* Build configuration list for PBXNativeTarget "SmartFarm" */;
			buildPhases = (
				164F6D45C248F00E32E7CC6D /* [CP] Check Pods Manifest.lock */,
				6267831026157DE200EED0C5 /* Sources */,
				6267831126157DE200EED0C5 /* Frameworks */,
				6267831226157DE200EED0C5 /* Resources */,
				A5EE71D132296C55CF768F4A /* [CP] Embed Pods Frameworks */,
			);
			buildRules = (
			);
			dependencies = (
			);
			name = SmartFarm;
			productName = SmartFarm;
			productReference = 6267831426157DE200EED0C5 /* SmartFarm.app */;
			productType = "com.apple.product-type.application";
		};
/* End PBXNativeTarget section */

/* Begin PBXProject section */
		6267830C26157DE200EED0C5 /* Project object */ = {
			isa = PBXProject;
			attributes = {
				LastSwiftUpdateCheck = 1240;
				LastUpgradeCheck = 1240;
				TargetAttributes = {
					6267831326157DE200EED0C5 = {
						CreatedOnToolsVersion = 12.4;
					};
				};
			};
			buildConfigurationList = 6267830F26157DE200EED0C5 /* Build configuration list for PBXProject "SmartFarm" */;
			compatibilityVersion = "Xcode 9.3";
			developmentRegion = en;
			hasScannedForEncodings = 0;
			knownRegions = (
				en,
				Base,
			);
			mainGroup = 6267830B26157DE200EED0C5;
			productRefGroup = 6267831526157DE200EED0C5 /* Products */;
			projectDirPath = "";
			projectRoot = "";
			targets = (
				6267831326157DE200EED0C5 /* SmartFarm */,
			);
		};
/* End PBXProject section */

/* Begin PBXResourcesBuildPhase section */
		6267831226157DE200EED0C5 /* Resources */ = {
			isa = PBXResourcesBuildPhase;
			buildActionMask = 2147483647;
			files = (
				6255910D26303F4700715957 /* SDSwaggerTTF.ttf in Resources */,
				62CDBDAB263D7713009D7529 /* NanumMyeongjoBold.ttf in Resources */,
				62CDBDAC263D7713009D7529 /* NanumMyeongjoExtraBold.ttf in Resources */,
				6255910A26303F4700715957 /* NanumSquare_acR.ttf in Resources */,
				6267832726157DE400EED0C5 /* LaunchScreen.storyboard in Resources */,
				6267832426157DE400EED0C5 /* Assets.xcassets in Resources */,
				6255910B26303F4700715957 /* NanumSquare_acEB.ttf in Resources */,
				6255910C26303F4700715957 /* NanumSquare_acB.ttf in Resources */,
				625591122630414300715957 /* DXMSubtitlesM-KSCpc-EUC-H.ttf in Resources */,
				62CDBDAA263D7713009D7529 /* NanumMyeongjo.ttf in Resources */,
				6238A28C2626FE400052AEB0 /* No Virus.ttf in Resources */,
				6267831F26157DE200EED0C5 /* Main.storyboard in Resources */,
				6255910926303F4700715957 /* NanumSquare_acL.ttf in Resources */,
			);
			runOnlyForDeploymentPostprocessing = 0;
		};
/* End PBXResourcesBuildPhase section */

/* Begin PBXShellScriptBuildPhase section */
		164F6D45C248F00E32E7CC6D /* [CP] Check Pods Manifest.lock */ = {
			isa = PBXShellScriptBuildPhase;
			buildActionMask = 2147483647;
			files = (
			);
			inputFileListPaths = (
			);
			inputPaths = (
				"${PODS_PODFILE_DIR_PATH}/Podfile.lock",
				"${PODS_ROOT}/Manifest.lock",
			);
			name = "[CP] Check Pods Manifest.lock";
			outputFileListPaths = (
			);
			outputPaths = (
				"$(DERIVED_FILE_DIR)/Pods-SmartFarm-checkManifestLockResult.txt",
			);
			runOnlyForDeploymentPostprocessing = 0;
			shellPath = /bin/sh;
			shellScript = "diff \"${PODS_PODFILE_DIR_PATH}/Podfile.lock\" \"${PODS_ROOT}/Manifest.lock\" > /dev/null\nif [ $? != 0 ] ; then\n    # print error to STDERR\n    echo \"error: The sandbox is not in sync with the Podfile.lock. Run 'pod install' or update your CocoaPods installation.\" >&2\n    exit 1\nfi\n# This output is used by Xcode 'outputs' to avoid re-running this script phase.\necho \"SUCCESS\" > \"${SCRIPT_OUTPUT_FILE_0}\"\n";
			showEnvVarsInLog = 0;
		};
		A5EE71D132296C55CF768F4A /* [CP] Embed Pods Frameworks */ = {
			isa = PBXShellScriptBuildPhase;
			buildActionMask = 2147483647;
			files = (
			);
			inputFileListPaths = (
				"${PODS_ROOT}/Target Support Files/Pods-SmartFarm/Pods-SmartFarm-frameworks-${CONFIGURATION}-input-files.xcfilelist",
			);
			name = "[CP] Embed Pods Frameworks";
			outputFileListPaths = (
				"${PODS_ROOT}/Target Support Files/Pods-SmartFarm/Pods-SmartFarm-frameworks-${CONFIGURATION}-output-files.xcfilelist",
			);
			runOnlyForDeploymentPostprocessing = 0;
			shellPath = /bin/sh;
			shellScript = "\"${PODS_ROOT}/Target Support Files/Pods-SmartFarm/Pods-SmartFarm-frameworks.sh\"\n";
			showEnvVarsInLog = 0;
		};
/* End PBXShellScriptBuildPhase section */

/* Begin PBXSourcesBuildPhase section */
		6267831026157DE200EED0C5 /* Sources */ = {
			isa = PBXSourcesBuildPhase;
			buildActionMask = 2147483647;
			files = (
				6264635A263D740500E037BC /* setClearNavigationBar.swift in Sources */,
				626698762640C89A00CD4690 /* PickerVC.swift in Sources */,
				6267831C26157DE200EED0C5 /* MainVC.swift in Sources */,
				6267831826157DE200EED0C5 /* AppDelegate.swift in Sources */,
				6267831A26157DE200EED0C5 /* SceneDelegate.swift in Sources */,
				62863096265FBE6C002B7DE1 /* Utlis.swift in Sources */,
				62B9732526514D72009227FB /* DetailVC.swift in Sources */,
				62387B4D265E609900634BA9 /* FarmData.swift in Sources */,
				6267832226157DE200EED0C5 /* SmartFarm.xcdatamodeld in Sources */,
				62387B47265E25DB00634BA9 /* GraphVC.swift in Sources */,
				62984156263973CB009C496D /* MainCell.swift in Sources */,
			);
			runOnlyForDeploymentPostprocessing = 0;
		};
/* End PBXSourcesBuildPhase section */

/* Begin PBXVariantGroup section */
		6267831D26157DE200EED0C5 /* Main.storyboard */ = {
			isa = PBXVariantGroup;
			children = (
				6267831E26157DE200EED0C5 /* Base */,
			);
			name = Main.storyboard;
			sourceTree = "<group>";
		};
		6267832526157DE400EED0C5 /* LaunchScreen.storyboard */ = {
			isa = PBXVariantGroup;
			children = (
				6267832626157DE400EED0C5 /* Base */,
			);
			name = LaunchScreen.storyboard;
			sourceTree = "<group>";
		};
/* End PBXVariantGroup section */

/* Begin XCBuildConfiguration section */
		6267832926157DE400EED0C5 /* Debug */ = {
			isa = XCBuildConfiguration;
			buildSettings = {
				ALWAYS_SEARCH_USER_PATHS = NO;
				CLANG_ANALYZER_NONNULL = YES;
				CLANG_ANALYZER_NUMBER_OBJECT_CONVERSION = YES_AGGRESSIVE;
				CLANG_CXX_LANGUAGE_STANDARD = "gnu++14";
				CLANG_CXX_LIBRARY = "libc++";
				CLANG_ENABLE_MODULES = YES;
				CLANG_ENABLE_OBJC_ARC = YES;
				CLANG_ENABLE_OBJC_WEAK = YES;
				CLANG_WARN_BLOCK_CAPTURE_AUTORELEASING = YES;
				CLANG_WARN_BOOL_CONVERSION = YES;
				CLANG_WARN_COMMA = YES;
				CLANG_WARN_CONSTANT_CONVERSION = YES;
				CLANG_WARN_DEPRECATED_OBJC_IMPLEMENTATIONS = YES;
				CLANG_WARN_DIRECT_OBJC_ISA_USAGE = YES_ERROR;
				CLANG_WARN_DOCUMENTATION_COMMENTS = YES;
				CLANG_WARN_EMPTY_BODY = YES;
				CLANG_WARN_ENUM_CONVERSION = YES;
				CLANG_WARN_INFINITE_RECURSION = YES;
				CLANG_WARN_INT_CONVERSION = YES;
				CLANG_WARN_NON_LITERAL_NULL_CONVERSION = YES;
				CLANG_WARN_OBJC_IMPLICIT_RETAIN_SELF = YES;
				CLANG_WARN_OBJC_LITERAL_CONVERSION = YES;
				CLANG_WARN_OBJC_ROOT_CLASS = YES_ERROR;
				CLANG_WARN_QUOTED_INCLUDE_IN_FRAMEWORK_HEADER = YES;
				CLANG_WARN_RANGE_LOOP_ANALYSIS = YES;
				CLANG_WARN_STRICT_PROTOTYPES = YES;
				CLANG_WARN_SUSPICIOUS_MOVE = YES;
				CLANG_WARN_UNGUARDED_AVAILABILITY = YES_AGGRESSIVE;
				CLANG_WARN_UNREACHABLE_CODE = YES;
				CLANG_WARN__DUPLICATE_METHOD_MATCH = YES;
				COPY_PHASE_STRIP = NO;
				DEBUG_INFORMATION_FORMAT = dwarf;
				ENABLE_STRICT_OBJC_MSGSEND = YES;
				ENABLE_TESTABILITY = YES;
				GCC_C_LANGUAGE_STANDARD = gnu11;
				GCC_DYNAMIC_NO_PIC = NO;
				GCC_NO_COMMON_BLOCKS = YES;
				GCC_OPTIMIZATION_LEVEL = 0;
				GCC_PREPROCESSOR_DEFINITIONS = (
					"DEBUG=1",
					"$(inherited)",
				);
				GCC_WARN_64_TO_32_BIT_CONVERSION = YES;
				GCC_WARN_ABOUT_RETURN_TYPE = YES_ERROR;
				GCC_WARN_UNDECLARED_SELECTOR = YES;
				GCC_WARN_UNINITIALIZED_AUTOS = YES_AGGRESSIVE;
				GCC_WARN_UNUSED_FUNCTION = YES;
				GCC_WARN_UNUSED_VARIABLE = YES;
				IPHONEOS_DEPLOYMENT_TARGET = 14.4;
				MTL_ENABLE_DEBUG_INFO = INCLUDE_SOURCE;
				MTL_FAST_MATH = YES;
				ONLY_ACTIVE_ARCH = YES;
				SDKROOT = iphoneos;
				SWIFT_ACTIVE_COMPILATION_CONDITIONS = DEBUG;
				SWIFT_OPTIMIZATION_LEVEL = "-Onone";
			};
			name = Debug;
		};
		6267832A26157DE400EED0C5 /* Release */ = {
			isa = XCBuildConfiguration;
			buildSettings = {
				ALWAYS_SEARCH_USER_PATHS = NO;
				CLANG_ANALYZER_NONNULL = YES;
				CLANG_ANALYZER_NUMBER_OBJECT_CONVERSION = YES_AGGRESSIVE;
				CLANG_CXX_LANGUAGE_STANDARD = "gnu++14";
				CLANG_CXX_LIBRARY = "libc++";
				CLANG_ENABLE_MODULES = YES;
				CLANG_ENABLE_OBJC_ARC = YES;
				CLANG_ENABLE_OBJC_WEAK = YES;
				CLANG_WARN_BLOCK_CAPTURE_AUTORELEASING = YES;
				CLANG_WARN_BOOL_CONVERSION = YES;
				CLANG_WARN_COMMA = YES;
				CLANG_WARN_CONSTANT_CONVERSION = YES;
				CLANG_WARN_DEPRECATED_OBJC_IMPLEMENTATIONS = YES;
				CLANG_WARN_DIRECT_OBJC_ISA_USAGE = YES_ERROR;
				CLANG_WARN_DOCUMENTATION_COMMENTS = YES;
				CLANG_WARN_EMPTY_BODY = YES;
				CLANG_WARN_ENUM_CONVERSION = YES;
				CLANG_WARN_INFINITE_RECURSION = YES;
				CLANG_WARN_INT_CONVERSION = YES;
				CLANG_WARN_NON_LITERAL_NULL_CONVERSION = YES;
				CLANG_WARN_OBJC_IMPLICIT_RETAIN_SELF = YES;
				CLANG_WARN_OBJC_LITERAL_CONVERSION = YES;
				CLANG_WARN_OBJC_ROOT_CLASS = YES_ERROR;
				CLANG_WARN_QUOTED_INCLUDE_IN_FRAMEWORK_HEADER = YES;
				CLANG_WARN_RANGE_LOOP_ANALYSIS = YES;
				CLANG_WARN_STRICT_PROTOTYPES = YES;
				CLANG_WARN_SUSPICIOUS_MOVE = YES;
				CLANG_WARN_UNGUARDED_AVAILABILITY = YES_AGGRESSIVE;
				CLANG_WARN_UNREACHABLE_CODE = YES;
				CLANG_WARN__DUPLICATE_METHOD_MATCH = YES;
				COPY_PHASE_STRIP = NO;
				DEBUG_INFORMATION_FORMAT = "dwarf-with-dsym";
				ENABLE_NS_ASSERTIONS = NO;
				ENABLE_STRICT_OBJC_MSGSEND = YES;
				GCC_C_LANGUAGE_STANDARD = gnu11;
				GCC_NO_COMMON_BLOCKS = YES;
				GCC_WARN_64_TO_32_BIT_CONVERSION = YES;
				GCC_WARN_ABOUT_RETURN_TYPE = YES_ERROR;
				GCC_WARN_UNDECLARED_SELECTOR = YES;
				GCC_WARN_UNINITIALIZED_AUTOS = YES_AGGRESSIVE;
				GCC_WARN_UNUSED_FUNCTION = YES;
				GCC_WARN_UNUSED_VARIABLE = YES;
				IPHONEOS_DEPLOYMENT_TARGET = 14.4;
				MTL_ENABLE_DEBUG_INFO = NO;
				MTL_FAST_MATH = YES;
				SDKROOT = iphoneos;
				SWIFT_COMPILATION_MODE = wholemodule;
				SWIFT_OPTIMIZATION_LEVEL = "-O";
				VALIDATE_PRODUCT = YES;
			};
			name = Release;
		};
		6267832C26157DE400EED0C5 /* Debug */ = {
			isa = XCBuildConfiguration;
			baseConfigurationReference = CCFB33FFFBF395E8063156E9 /* Pods-SmartFarm.debug.xcconfig */;
			buildSettings = {
				ASSETCATALOG_COMPILER_APPICON_NAME = AppIcon;
				ASSETCATALOG_COMPILER_GLOBAL_ACCENT_COLOR_NAME = AccentColor;
				CODE_SIGN_STYLE = Automatic;
				DEVELOPMENT_TEAM = CFS8WAKW2R;
				INFOPLIST_FILE = SmartFarm/Info.plist;
				LD_RUNPATH_SEARCH_PATHS = (
					"$(inherited)",
					"@executable_path/Frameworks",
				);
				PRODUCT_BUNDLE_IDENTIFIER = kr.hs.dgsw.SmartFarm;
				PRODUCT_NAME = "$(TARGET_NAME)";
				SWIFT_VERSION = 5.0;
				TARGETED_DEVICE_FAMILY = "1,2";
			};
			name = Debug;
		};
		6267832D26157DE400EED0C5 /* Release */ = {
			isa = XCBuildConfiguration;
			baseConfigurationReference = EA3414E88D2621AD6B52D2D0 /* Pods-SmartFarm.release.xcconfig */;
			buildSettings = {
				ASSETCATALOG_COMPILER_APPICON_NAME = AppIcon;
				ASSETCATALOG_COMPILER_GLOBAL_ACCENT_COLOR_NAME = AccentColor;
				CODE_SIGN_STYLE = Automatic;
				DEVELOPMENT_TEAM = CFS8WAKW2R;
				INFOPLIST_FILE = SmartFarm/Info.plist;
				LD_RUNPATH_SEARCH_PATHS = (
					"$(inherited)",
					"@executable_path/Frameworks",
				);
				PRODUCT_BUNDLE_IDENTIFIER = kr.hs.dgsw.SmartFarm;
				PRODUCT_NAME = "$(TARGET_NAME)";
				SWIFT_VERSION = 5.0;
				TARGETED_DEVICE_FAMILY = "1,2";
			};
			name = Release;
		};
/* End XCBuildConfiguration section */

/* Begin XCConfigurationList section */
		6267830F26157DE200EED0C5 /* Build configuration list for PBXProject "SmartFarm" */ = {
			isa = XCConfigurationList;
			buildConfigurations = (
				6267832926157DE400EED0C5 /* Debug */,
				6267832A26157DE400EED0C5 /* Release */,
			);
			defaultConfigurationIsVisible = 0;
			defaultConfigurationName = Release;
		};
		6267832B26157DE400EED0C5 /* Build configuration list for PBXNativeTarget "SmartFarm" */ = {
			isa = XCConfigurationList;
			buildConfigurations = (
				6267832C26157DE400EED0C5 /* Debug */,
				6267832D26157DE400EED0C5 /* Release */,
			);
			defaultConfigurationIsVisible = 0;
			defaultConfigurationName = Release;
		};
/* End XCConfigurationList section */

/* Begin XCVersionGroup section */
		6267832026157DE200EED0C5 /* SmartFarm.xcdatamodeld */ = {
			isa = XCVersionGroup;
			children = (
				6267832126157DE200EED0C5 /* SmartFarm.xcdatamodel */,
			);
			currentVersion = 6267832126157DE200EED0C5 /* SmartFarm.xcdatamodel */;
			path = SmartFarm.xcdatamodeld;
			sourceTree = "<group>";
			versionGroupType = wrapper.xcdatamodel;
		};
/* End XCVersionGroup section */
	};
	rootObject = 6267830C26157DE200EED0C5 /* Project object */;
}
